
Microsoft Visual Studio Solution File, Format Version 12.00
# Visual Studio 2013
VisualStudioVersion = 12.0.31101.0
MinimumVisualStudioVersion = 10.0.40219.1
Project("{FAE04EC0-301F-11D3-BF4B-00C04F79EFBC}") = "AppGestionEditorial", "AppGestionEditorial\AppGestionEditorial.csproj", "{ACCC56C0-D1E7-419A-8D60-1448CB5FCB1C}"
EndProject
Global
	GlobalSection(SolutionConfigurationPlatforms) = preSolution
		Debug|Any CPU = Debug|Any CPU
		Release|Any CPU = Release|Any CPU
	EndGlobalSection
	GlobalSection(ProjectConfigurationPlatforms) = postSolution
		{ACCC56C0-D1E7-419A-8D60-1448CB5FCB1C}.Debug|Any CPU.ActiveCfg = Debug|Any CPU
		{ACCC56C0-D1E7-419A-8D60-1448CB5FCB1C}.Debug|Any CPU.Build.0 = Debug|Any CPU
		{ACCC56C0-D1E7-419A-8D60-1448CB5FCB1C}.Release|Any CPU.ActiveCfg = Release|Any CPU
		{ACCC56C0-D1E7-419A-8D60-1448CB5FCB1C}.Release|Any CPU.Build.0 = Release|Any CPU
	EndGlobalSection
	GlobalSection(SolutionProperties) = preSolution
		HideSolutionNode = FALSE
	EndGlobalSection
EndGlobal
